// !$*UTF8*$!
{
	archiveVersion = 1;
	classes = {
	};
	objectVersion = 50;
	objects = {

/* Begin PBXBuildFile section */
		54016104260BCAA600405351 /* SignUpViewController.swift in Sources */ = {isa = PBXBuildFile; fileRef = 54016103260BCAA600405351 /* SignUpViewController.swift */; };
		5410F4462608C8EB00C00F57 /* AppDelegate.swift in Sources */ = {isa = PBXBuildFile; fileRef = 5410F4452608C8EB00C00F57 /* AppDelegate.swift */; };
		5410F4482608C8EB00C00F57 /* SceneDelegate.swift in Sources */ = {isa = PBXBuildFile; fileRef = 5410F4472608C8EB00C00F57 /* SceneDelegate.swift */; };
		5410F44A2608C8EB00C00F57 /* ViewController.swift in Sources */ = {isa = PBXBuildFile; fileRef = 5410F4492608C8EB00C00F57 /* ViewController.swift */; };
		5410F44D2608C8EB00C00F57 /* Main.storyboard in Resources */ = {isa = PBXBuildFile; fileRef = 5410F44B2608C8EB00C00F57 /* Main.storyboard */; };
		5410F4502608C8EB00C00F57 /* Moneyist.xcdatamodeld in Sources */ = {isa = PBXBuildFile; fileRef = 5410F44E2608C8EB00C00F57 /* Moneyist.xcdatamodeld */; };
		5410F4522608C8EC00C00F57 /* Assets.xcassets in Resources */ = {isa = PBXBuildFile; fileRef = 5410F4512608C8EC00C00F57 /* Assets.xcassets */; };
		5410F4552608C8EC00C00F57 /* LaunchScreen.storyboard in Resources */ = {isa = PBXBuildFile; fileRef = 5410F4532608C8EC00C00F57 /* LaunchScreen.storyboard */; };
		54B9819C260CC95B006FD29B /* TransactionsViewController.swift in Sources */ = {isa = PBXBuildFile; fileRef = 54B9819B260CC95B006FD29B /* TransactionsViewController.swift */; };
		54B9819F260CC992006FD29B /* ChartViewController.swift in Sources */ = {isa = PBXBuildFile; fileRef = 54B9819E260CC992006FD29B /* ChartViewController.swift */; };
		54B981A2260CC9C6006FD29B /* SavingSpaceViewController.swift in Sources */ = {isa = PBXBuildFile; fileRef = 54B981A1260CC9C6006FD29B /* SavingSpaceViewController.swift */; };
		54B981A5260CC9E2006FD29B /* CalendarViewController.swift in Sources */ = {isa = PBXBuildFile; fileRef = 54B981A4260CC9E2006FD29B /* CalendarViewController.swift */; };
		54B981A8260CCA01006FD29B /* BudgetViewController.swift in Sources */ = {isa = PBXBuildFile; fileRef = 54B981A7260CCA01006FD29B /* BudgetViewController.swift */; };
/* End PBXBuildFile section */

/* Begin PBXFileReference section */
		54016103260BCAA600405351 /* SignUpViewController.swift */ = {isa = PBXFileReference; lastKnownFileType = sourcecode.swift; path = SignUpViewController.swift; sourceTree = "<group>"; };
		5410F4422608C8EB00C00F57 /* Moneyist.app */ = {isa = PBXFileReference; explicitFileType = wrapper.application; includeInIndex = 0; path = Moneyist.app; sourceTree = BUILT_PRODUCTS_DIR; };
		5410F4452608C8EB00C00F57 /* AppDelegate.swift */ = {isa = PBXFileReference; lastKnownFileType = sourcecode.swift; path = AppDelegate.swift; sourceTree = "<group>"; };
		5410F4472608C8EB00C00F57 /* SceneDelegate.swift */ = {isa = PBXFileReference; lastKnownFileType = sourcecode.swift; path = SceneDelegate.swift; sourceTree = "<group>"; };
		5410F4492608C8EB00C00F57 /* ViewController.swift */ = {isa = PBXFileReference; lastKnownFileType = sourcecode.swift; path = ViewController.swift; sourceTree = "<group>"; };
		5410F44C2608C8EB00C00F57 /* Base */ = {isa = PBXFileReference; lastKnownFileType = file.storyboard; name = Base; path = Base.lproj/Main.storyboard; sourceTree = "<group>"; };
		5410F44F2608C8EB00C00F57 /* Moneyist.xcdatamodel */ = {isa = PBXFileReference; lastKnownFileType = wrapper.xcdatamodel; path = Moneyist.xcdatamodel; sourceTree = "<group>"; };
		5410F4512608C8EC00C00F57 /* Assets.xcassets */ = {isa = PBXFileReference; lastKnownFileType = folder.assetcatalog; path = Assets.xcassets; sourceTree = "<group>"; };
		5410F4542608C8EC00C00F57 /* Base */ = {isa = PBXFileReference; lastKnownFileType = file.storyboard; name = Base; path = Base.lproj/LaunchScreen.storyboard; sourceTree = "<group>"; };
		5410F4562608C8EC00C00F57 /* Info.plist */ = {isa = PBXFileReference; lastKnownFileType = text.plist.xml; path = Info.plist; sourceTree = "<group>"; };
		54B9819B260CC95B006FD29B /* TransactionsViewController.swift */ = {isa = PBXFileReference; lastKnownFileType = sourcecode.swift; path = TransactionsViewController.swift; sourceTree = "<group>"; };
		54B9819E260CC992006FD29B /* ChartViewController.swift */ = {isa = PBXFileReference; lastKnownFileType = sourcecode.swift; path = ChartViewController.swift; sourceTree = "<group>"; };
		54B981A1260CC9C6006FD29B /* SavingSpaceViewController.swift */ = {isa = PBXFileReference; lastKnownFileType = sourcecode.swift; path = SavingSpaceViewController.swift; sourceTree = "<group>"; };
		54B981A4260CC9E2006FD29B /* CalendarViewController.swift */ = {isa = PBXFileReference; lastKnownFileType = sourcecode.swift; path = CalendarViewController.swift; sourceTree = "<group>"; };
		54B981A7260CCA01006FD29B /* BudgetViewController.swift */ = {isa = PBXFileReference; lastKnownFileType = sourcecode.swift; path = BudgetViewController.swift; sourceTree = "<group>"; };
/* End PBXFileReference section */

/* Begin PBXFrameworksBuildPhase section */
		5410F43F2608C8EB00C00F57 /* Frameworks */ = {
			isa = PBXFrameworksBuildPhase;
			buildActionMask = 2147483647;
			files = (
			);
			runOnlyForDeploymentPostprocessing = 0;
		};
/* End PBXFrameworksBuildPhase section */

/* Begin PBXGroup section */
		5410F4392608C8EB00C00F57 = {
			isa = PBXGroup;
			children = (
				5410F4442608C8EB00C00F57 /* Moneyist */,
				5410F4432608C8EB00C00F57 /* Products */,
			);
			sourceTree = "<group>";
		};
		5410F4432608C8EB00C00F57 /* Products */ = {
			isa = PBXGroup;
			children = (
				5410F4422608C8EB00C00F57 /* Moneyist.app */,
			);
			name = Products;
			sourceTree = "<group>";
		};
		5410F4442608C8EB00C00F57 /* Moneyist */ = {
			isa = PBXGroup;
			children = (
				5410F4452608C8EB00C00F57 /* AppDelegate.swift */,
				5410F4472608C8EB00C00F57 /* SceneDelegate.swift */,
				5410F4492608C8EB00C00F57 /* ViewController.swift */,
				5410F44B2608C8EB00C00F57 /* Main.storyboard */,
				54B981A7260CCA01006FD29B /* BudgetViewController.swift */,
				54B981A4260CC9E2006FD29B /* CalendarViewController.swift */,
				54B981A1260CC9C6006FD29B /* SavingSpaceViewController.swift */,
				54B9819E260CC992006FD29B /* ChartViewController.swift */,
				54B9819B260CC95B006FD29B /* TransactionsViewController.swift */,
				5410F4512608C8EC00C00F57 /* Assets.xcassets */,
				5410F4532608C8EC00C00F57 /* LaunchScreen.storyboard */,
				5410F4562608C8EC00C00F57 /* Info.plist */,
				5410F44E2608C8EB00C00F57 /* Moneyist.xcdatamodeld */,
				54016103260BCAA600405351 /* SignUpViewController.swift */,
			);
			path = Moneyist;
			sourceTree = "<group>";
		};
/* End PBXGroup section */

/* Begin PBXNativeTarget section */
		5410F4412608C8EB00C00F57 /* Moneyist */ = {
			isa = PBXNativeTarget;
			buildConfigurationList = 5410F4592608C8EC00C00F57 /* Build configuration list for PBXNativeTarget "Moneyist" */;
			buildPhases = (
				5410F43E2608C8EB00C00F57 /* Sources */,
				5410F43F2608C8EB00C00F57 /* Frameworks */,
				5410F4402608C8EB00C00F57 /* Resources */,
			);
			buildRules = (
			);
			dependencies = (
			);
			name = Moneyist;
			productName = Moneyist;
			productReference = 5410F4422608C8EB00C00F57 /* Moneyist.app */;
			productType = "com.apple.product-type.application";
		};
/* End PBXNativeTarget section */

/* Begin PBXProject section */
		5410F43A2608C8EB00C00F57 /* Project object */ = {
			isa = PBXProject;
			attributes = {
				LastSwiftUpdateCheck = 1210;
				LastUpgradeCheck = 1210;
				TargetAttributes = {
					5410F4412608C8EB00C00F57 = {
						CreatedOnToolsVersion = 12.1;
					};
				};
			};
			buildConfigurationList = 5410F43D2608C8EB00C00F57 /* Build configuration list for PBXProject "Moneyist" */;
			compatibilityVersion = "Xcode 9.3";
			developmentRegion = en;
			hasScannedForEncodings = 0;
			knownRegions = (
				en,
				Base,
			);
			mainGroup = 5410F4392608C8EB00C00F57;
			productRefGroup = 5410F4432608C8EB00C00F57 /* Products */;
			projectDirPath = "";
			projectRoot = "";
			targets = (
				5410F4412608C8EB00C00F57 /* Moneyist */,
			);
		};
/* End PBXProject section */

/* Begin PBXResourcesBuildPhase section */
		5410F4402608C8EB00C00F57 /* Resources */ = {
			isa = PBXResourcesBuildPhase;
			buildActionMask = 2147483647;
			files = (
				5410F4552608C8EC00C00F57 /* LaunchScreen.storyboard in Resources */,
				5410F4522608C8EC00C00F57 /* Assets.xcassets in Resources */,
				5410F44D2608C8EB00C00F57 /* Main.storyboard in Resources */,
			);
			runOnlyForDeploymentPostprocessing = 0;
		};
/* End PBXResourcesBuildPhase section */

/* Begin PBXSourcesBuildPhase section */
		5410F43E2608C8EB00C00F57 /* Sources */ = {
			isa = PBXSourcesBuildPhase;
			buildActionMask = 2147483647;
			files = (
				5410F44A2608C8EB00C00F57 /* ViewController.swift in Sources */,
				54B9819F260CC992006FD29B /* ChartViewController.swift in Sources */,
				5410F4502608C8EB00C00F57 /* Moneyist.xcdatamodeld in Sources */,
				54B9819C260CC95B006FD29B /* TransactionsViewController.swift in Sources */,
				5410F4462608C8EB00C00F57 /* AppDelegate.swift in Sources */,
				54B981A2260CC9C6006FD29B /* SavingSpaceViewController.swift in Sources */,
				54B981A5260CC9E2006FD29B /* CalendarViewController.swift in Sources */,
				54B981A8260CCA01006FD29B /* BudgetViewController.swift in Sources */,
				5410F4482608C8EB00C00F57 /* SceneDelegate.swift in Sources */,
				54016104260BCAA600405351 /* SignUpViewController.swift in Sources */,
			);
			runOnlyForDeploymentPostprocessing = 0;
		};
/* End PBXSourcesBuildPhase section */

/* Begin PBXVariantGroup section */
		5410F44B2608C8EB00C00F57 /* Main.storyboard */ = {
			isa = PBXVariantGroup;
			children = (
				5410F44C2608C8EB00C00F57 /* Base */,
			);
			name = Main.storyboard;
			sourceTree = "<group>";
		};
		5410F4532608C8EC00C00F57 /* LaunchScreen.storyboard */ = {
			isa = PBXVariantGroup;
			children = (
				5410F4542608C8EC00C00F57 /* Base */,
			);
			name = LaunchScreen.storyboard;
			sourceTree = "<group>";
		};
/* End PBXVariantGroup section */

/* Begin XCBuildConfiguration section */
		5410F4572608C8EC00C00F57 /* Debug */ = {
			isa = XCBuildConfiguration;
			buildSettings = {
				ALWAYS_SEARCH_USER_PATHS = NO;
				CLANG_ANALYZER_NONNULL = YES;
				CLANG_ANALYZER_NUMBER_OBJECT_CONVERSION = YES_AGGRESSIVE;
				CLANG_CXX_LANGUAGE_STANDARD = "gnu++14";
				CLANG_CXX_LIBRARY = "libc++";
				CLANG_ENABLE_MODULES = YES;
				CLANG_ENABLE_OBJC_ARC = YES;
				CLANG_ENABLE_OBJC_WEAK = YES;
				CLANG_WARN_BLOCK_CAPTURE_AUTORELEASING = YES;
				CLANG_WARN_BOOL_CONVERSION = YES;
				CLANG_WARN_COMMA = YES;
				CLANG_WARN_CONSTANT_CONVERSION = YES;
				CLANG_WARN_DEPRECATED_OBJC_IMPLEMENTATIONS = YES;
				CLANG_WARN_DIRECT_OBJC_ISA_USAGE = YES_ERROR;
				CLANG_WARN_DOCUMENTATION_COMMENTS = YES;
				CLANG_WARN_EMPTY_BODY = YES;
				CLANG_WARN_ENUM_CONVERSION = YES;
				CLANG_WARN_INFINITE_RECURSION = YES;
				CLANG_WARN_INT_CONVERSION = YES;
				CLANG_WARN_NON_LITERAL_NULL_CONVERSION = YES;
				CLANG_WARN_OBJC_IMPLICIT_RETAIN_SELF = YES;
				CLANG_WARN_OBJC_LITERAL_CONVERSION = YES;
				CLANG_WARN_OBJC_ROOT_CLASS = YES_ERROR;
				CLANG_WARN_QUOTED_INCLUDE_IN_FRAMEWORK_HEADER = YES;
				CLANG_WARN_RANGE_LOOP_ANALYSIS = YES;
				CLANG_WARN_STRICT_PROTOTYPES = YES;
				CLANG_WARN_SUSPICIOUS_MOVE = YES;
				CLANG_WARN_UNGUARDED_AVAILABILITY = YES_AGGRESSIVE;
				CLANG_WARN_UNREACHABLE_CODE = YES;
				CLANG_WARN__DUPLICATE_METHOD_MATCH = YES;
				COPY_PHASE_STRIP = NO;
				DEBUG_INFORMATION_FORMAT = dwarf;
				ENABLE_STRICT_OBJC_MSGSEND = YES;
				ENABLE_TESTABILITY = YES;
				GCC_C_LANGUAGE_STANDARD = gnu11;
				GCC_DYNAMIC_NO_PIC = NO;
				GCC_NO_COMMON_BLOCKS = YES;
				GCC_OPTIMIZATION_LEVEL = 0;
				GCC_PREPROCESSOR_DEFINITIONS = (
					"DEBUG=1",
					"$(inherited)",
				);
				GCC_WARN_64_TO_32_BIT_CONVERSION = YES;
				GCC_WARN_ABOUT_RETURN_TYPE = YES_ERROR;
				GCC_WARN_UNDECLARED_SELECTOR = YES;
				GCC_WARN_UNINITIALIZED_AUTOS = YES_AGGRESSIVE;
				GCC_WARN_UNUSED_FUNCTION = YES;
				GCC_WARN_UNUSED_VARIABLE = YES;
				IPHONEOS_DEPLOYMENT_TARGET = 14.1;
				MTL_ENABLE_DEBUG_INFO = INCLUDE_SOURCE;
				MTL_FAST_MATH = YES;
				ONLY_ACTIVE_ARCH = YES;
				SDKROOT = iphoneos;
				SWIFT_ACTIVE_COMPILATION_CONDITIONS = DEBUG;
				SWIFT_OPTIMIZATION_LEVEL = "-Onone";
			};
			name = Debug;
		};
		5410F4582608C8EC00C00F57 /* Release */ = {
			isa = XCBuildConfiguration;
			buildSettings = {
				ALWAYS_SEARCH_USER_PATHS = NO;
				CLANG_ANALYZER_NONNULL = YES;
				CLANG_ANALYZER_NUMBER_OBJECT_CONVERSION = YES_AGGRESSIVE;
				CLANG_CXX_LANGUAGE_STANDARD = "gnu++14";
				CLANG_CXX_LIBRARY = "libc++";
				CLANG_ENABLE_MODULES = YES;
				CLANG_ENABLE_OBJC_ARC = YES;
				CLANG_ENABLE_OBJC_WEAK = YES;
				CLANG_WARN_BLOCK_CAPTURE_AUTORELEASING = YES;
				CLANG_WARN_BOOL_CONVERSION = YES;
				CLANG_WARN_COMMA = YES;
				CLANG_WARN_CONSTANT_CONVERSION = YES;
				CLANG_WARN_DEPRECATED_OBJC_IMPLEMENTATIONS = YES;
				CLANG_WARN_DIRECT_OBJC_ISA_USAGE = YES_ERROR;
				CLANG_WARN_DOCUMENTATION_COMMENTS = YES;
				CLANG_WARN_EMPTY_BODY = YES;
				CLANG_WARN_ENUM_CONVERSION = YES;
				CLANG_WARN_INFINITE_RECURSION = YES;
				CLANG_WARN_INT_CONVERSION = YES;
				CLANG_WARN_NON_LITERAL_NULL_CONVERSION = YES;
				CLANG_WARN_OBJC_IMPLICIT_RETAIN_SELF = YES;
				CLANG_WARN_OBJC_LITERAL_CONVERSION = YES;
				CLANG_WARN_OBJC_ROOT_CLASS = YES_ERROR;
				CLANG_WARN_QUOTED_INCLUDE_IN_FRAMEWORK_HEADER = YES;
				CLANG_WARN_RANGE_LOOP_ANALYSIS = YES;
				CLANG_WARN_STRICT_PROTOTYPES = YES;
				CLANG_WARN_SUSPICIOUS_MOVE = YES;
				CLANG_WARN_UNGUARDED_AVAILABILITY = YES_AGGRESSIVE;
				CLANG_WARN_UNREACHABLE_CODE = YES;
				CLANG_WARN__DUPLICATE_METHOD_MATCH = YES;
				COPY_PHASE_STRIP = NO;
				DEBUG_INFORMATION_FORMAT = "dwarf-with-dsym";
				ENABLE_NS_ASSERTIONS = NO;
				ENABLE_STRICT_OBJC_MSGSEND = YES;
				GCC_C_LANGUAGE_STANDARD = gnu11;
				GCC_NO_COMMON_BLOCKS = YES;
				GCC_WARN_64_TO_32_BIT_CONVERSION = YES;
				GCC_WARN_ABOUT_RETURN_TYPE = YES_ERROR;
				GCC_WARN_UNDECLARED_SELECTOR = YES;
				GCC_WARN_UNINITIALIZED_AUTOS = YES_AGGRESSIVE;
				GCC_WARN_UNUSED_FUNCTION = YES;
				GCC_WARN_UNUSED_VARIABLE = YES;
				IPHONEOS_DEPLOYMENT_TARGET = 14.1;
				MTL_ENABLE_DEBUG_INFO = NO;
				MTL_FAST_MATH = YES;
				SDKROOT = iphoneos;
				SWIFT_COMPILATION_MODE = wholemodule;
				SWIFT_OPTIMIZATION_LEVEL = "-O";
				VALIDATE_PRODUCT = YES;
			};
			name = Release;
		};
		5410F45A2608C8EC00C00F57 /* Debug */ = {
			isa = XCBuildConfiguration;
			buildSettings = {
				ASSETCATALOG_COMPILER_APPICON_NAME = AppIcon;
				ASSETCATALOG_COMPILER_GLOBAL_ACCENT_COLOR_NAME = AccentColor;
				CODE_SIGN_STYLE = Automatic;
				INFOPLIST_FILE = Moneyist/Info.plist;
				LD_RUNPATH_SEARCH_PATHS = (
					"$(inherited)",
					"@executable_path/Frameworks",
				);
				MARKETING_VERSION = 0.1;
				PRODUCT_BUNDLE_IDENTIFIER = com.teamnine.Moneyist;
				PRODUCT_NAME = "$(TARGET_NAME)";
				SWIFT_VERSION = 5.0;
				TARGETED_DEVICE_FAMILY = "1,2";
			};
			name = Debug;
		};
		5410F45B2608C8EC00C00F57 /* Release */ = {
			isa = XCBuildConfiguration;
			buildSettings = {
				ASSETCATALOG_COMPILER_APPICON_NAME = AppIcon;
				ASSETCATALOG_COMPILER_GLOBAL_ACCENT_COLOR_NAME = AccentColor;
				CODE_SIGN_STYLE = Automatic;
				INFOPLIST_FILE = Moneyist/Info.plist;
				LD_RUNPATH_SEARCH_PATHS = (
					"$(inherited)",
					"@executable_path/Frameworks",
				);
				MARKETING_VERSION = 0.1;
				PRODUCT_BUNDLE_IDENTIFIER = com.teamnine.Moneyist;
				PRODUCT_NAME = "$(TARGET_NAME)";
				SWIFT_VERSION = 5.0;
				TARGETED_DEVICE_FAMILY = "1,2";
			};
			name = Release;
		};
/* End XCBuildConfiguration section */

/* Begin XCConfigurationList section */
		5410F43D2608C8EB00C00F57 /* Build configuration list for PBXProject "Moneyist" */ = {
			isa = XCConfigurationList;
			buildConfigurations = (
				5410F4572608C8EC00C00F57 /* Debug */,
				5410F4582608C8EC00C00F57 /* Release */,
			);
			defaultConfigurationIsVisible = 0;
			defaultConfigurationName = Release;
		};
		5410F4592608C8EC00C00F57 /* Build configuration list for PBXNativeTarget "Moneyist" */ = {
			isa = XCConfigurationList;
			buildConfigurations = (
				5410F45A2608C8EC00C00F57 /* Debug */,
				5410F45B2608C8EC00C00F57 /* Release */,
			);
			defaultConfigurationIsVisible = 0;
			defaultConfigurationName = Release;
		};
/* End XCConfigurationList section */

/* Begin XCVersionGroup section */
		5410F44E2608C8EB00C00F57 /* Moneyist.xcdatamodeld */ = {
			isa = XCVersionGroup;
			children = (
				5410F44F2608C8EB00C00F57 /* Moneyist.xcdatamodel */,
			);
			currentVersion = 5410F44F2608C8EB00C00F57 /* Moneyist.xcdatamodel */;
			path = Moneyist.xcdatamodeld;
			sourceTree = "<group>";
			versionGroupType = wrapper.xcdatamodel;
		};
/* End XCVersionGroup section */
	};
	rootObject = 5410F43A2608C8EB00C00F57 /* Project object */;
}
