// !$*UTF8*$!
{
	archiveVersion = 1;
	classes = {
	};
	objectVersion = 52;
	objects = {

/* Begin PBXBuildFile section */
		54016104260BCAA600405351 /* SignUpViewController.swift in Sources */ = {isa = PBXBuildFile; fileRef = 54016103260BCAA600405351 /* SignUpViewController.swift */; };
		540D448A26124F9100217594 /* User.swift in Sources */ = {isa = PBXBuildFile; fileRef = 540D448926124F9100217594 /* User.swift */; };
		540D448D2612597F00217594 /* AddTransactionViewController.swift in Sources */ = {isa = PBXBuildFile; fileRef = 540D448C2612597F00217594 /* AddTransactionViewController.swift */; };
		540D449026125AB800217594 /* Transaction.swift in Sources */ = {isa = PBXBuildFile; fileRef = 540D448F26125AB800217594 /* Transaction.swift */; };
		5410F4462608C8EB00C00F57 /* AppDelegate.swift in Sources */ = {isa = PBXBuildFile; fileRef = 5410F4452608C8EB00C00F57 /* AppDelegate.swift */; };
		5410F4482608C8EB00C00F57 /* SceneDelegate.swift in Sources */ = {isa = PBXBuildFile; fileRef = 5410F4472608C8EB00C00F57 /* SceneDelegate.swift */; };
		5410F44A2608C8EB00C00F57 /* ViewController.swift in Sources */ = {isa = PBXBuildFile; fileRef = 5410F4492608C8EB00C00F57 /* ViewController.swift */; };
		5410F44D2608C8EB00C00F57 /* Main.storyboard in Resources */ = {isa = PBXBuildFile; fileRef = 5410F44B2608C8EB00C00F57 /* Main.storyboard */; };
		5410F4502608C8EB00C00F57 /* Moneyist.xcdatamodeld in Sources */ = {isa = PBXBuildFile; fileRef = 5410F44E2608C8EB00C00F57 /* Moneyist.xcdatamodeld */; };
		5410F4522608C8EC00C00F57 /* Assets.xcassets in Resources */ = {isa = PBXBuildFile; fileRef = 5410F4512608C8EC00C00F57 /* Assets.xcassets */; };
		5410F4552608C8EC00C00F57 /* LaunchScreen.storyboard in Resources */ = {isa = PBXBuildFile; fileRef = 5410F4532608C8EC00C00F57 /* LaunchScreen.storyboard */; };
		5415AA9A261DE0B80014222C /* FeedbackViewController.swift in Sources */ = {isa = PBXBuildFile; fileRef = 5415AA99261DE0B80014222C /* FeedbackViewController.swift */; };
		541CC4422614BB8C00C37FE7 /* BudgetDetailViewController.swift in Sources */ = {isa = PBXBuildFile; fileRef = 541CC4412614BB8C00C37FE7 /* BudgetDetailViewController.swift */; };
		541CC4472614E55300C37FE7 /* BudgetEditViewController.swift in Sources */ = {isa = PBXBuildFile; fileRef = 541CC4462614E55300C37FE7 /* BudgetEditViewController.swift */; };
		541D3E9526177FA800F59EEB /* EditUserViewController.swift in Sources */ = {isa = PBXBuildFile; fileRef = 541D3E9426177FA800F59EEB /* EditUserViewController.swift */; };
		543E59F9261CA7290098EB48 /* SavingSpaceEditViewController.swift in Sources */ = {isa = PBXBuildFile; fileRef = 543E59F8261CA7290098EB48 /* SavingSpaceEditViewController.swift */; };
		544B4377260F8C70006F37E1 /* BudgetCreationViewController.swift in Sources */ = {isa = PBXBuildFile; fileRef = 544B4376260F8C70006F37E1 /* BudgetCreationViewController.swift */; };
		548A1855263328D2007AB9A9 /* WelcomeSplashViewController.swift in Sources */ = {isa = PBXBuildFile; fileRef = 548A1854263328D2007AB9A9 /* WelcomeSplashViewController.swift */; };
		54A1E02F2624EBB000732404 /* ResetPasswordViewController.swift in Sources */ = {isa = PBXBuildFile; fileRef = 54A1E02E2624EBB000732404 /* ResetPasswordViewController.swift */; };
		54B9819C260CC95B006FD29B /* TransactionsViewController.swift in Sources */ = {isa = PBXBuildFile; fileRef = 54B9819B260CC95B006FD29B /* TransactionsViewController.swift */; };
		54B9819F260CC992006FD29B /* ChartViewController.swift in Sources */ = {isa = PBXBuildFile; fileRef = 54B9819E260CC992006FD29B /* ChartViewController.swift */; };
		54B981A2260CC9C6006FD29B /* SavingSpaceViewController.swift in Sources */ = {isa = PBXBuildFile; fileRef = 54B981A1260CC9C6006FD29B /* SavingSpaceViewController.swift */; };
		54B981A5260CC9E2006FD29B /* CalendarViewController.swift in Sources */ = {isa = PBXBuildFile; fileRef = 54B981A4260CC9E2006FD29B /* CalendarViewController.swift */; };
		54B981A8260CCA01006FD29B /* BudgetViewController.swift in Sources */ = {isa = PBXBuildFile; fileRef = 54B981A7260CCA01006FD29B /* BudgetViewController.swift */; };
		54B99C0326175A350006EB5B /* SettingsViewController.swift in Sources */ = {isa = PBXBuildFile; fileRef = 54B99C0226175A350006EB5B /* SettingsViewController.swift */; };
		54C15F57260E7E67008C5CE9 /* Budget.swift in Sources */ = {isa = PBXBuildFile; fileRef = 54C15F56260E7E67008C5CE9 /* Budget.swift */; };
		54DFC670260E2FFE00AFEFF1 /* Alamofire in Frameworks */ = {isa = PBXBuildFile; productRef = 54DFC66F260E2FFE00AFEFF1 /* Alamofire */; };
		54E4E449261B4ACD001B2AAB /* TransactionEditViewController.swift in Sources */ = {isa = PBXBuildFile; fileRef = 54E4E448261B4ACD001B2AAB /* TransactionEditViewController.swift */; };
		54E4E44D261B5BD8001B2AAB /* SavingSpace.swift in Sources */ = {isa = PBXBuildFile; fileRef = 54E4E44C261B5BD8001B2AAB /* SavingSpace.swift */; };
		54E4E460261B5FE1001B2AAB /* SavingSpaceCreateViewController.swift in Sources */ = {isa = PBXBuildFile; fileRef = 54E4E45F261B5FE1001B2AAB /* SavingSpaceCreateViewController.swift */; };
		54F59916261DF92000994E1C /* Cosmos in Frameworks */ = {isa = PBXBuildFile; productRef = 54F59915261DF92000994E1C /* Cosmos */; };
		54F6345526137A51008E612A /* DashboardViewController.swift in Sources */ = {isa = PBXBuildFile; fileRef = 54F6345426137A51008E612A /* DashboardViewController.swift */; };
		54F6345826137B7F008E612A /* UserJSON.swift in Sources */ = {isa = PBXBuildFile; fileRef = 54F6345726137B7F008E612A /* UserJSON.swift */; };
		72422372261A01AE00A1F02E /* Reminder.swift in Sources */ = {isa = PBXBuildFile; fileRef = 72422371261A01AC00A1F02E /* Reminder.swift */; };
		72422391261D020A00A1F02E /* RemindersViewController.swift in Sources */ = {isa = PBXBuildFile; fileRef = 72422390261D020A00A1F02E /* RemindersViewController.swift */; };
		72422398261DCAD300A1F02E /* ReminderEditViewController.swift in Sources */ = {isa = PBXBuildFile; fileRef = 72422397261DCAD300A1F02E /* ReminderEditViewController.swift */; };
		724223E6261FCA1800A1F02E /* Charts in Frameworks */ = {isa = PBXBuildFile; productRef = 724223E5261FCA1800A1F02E /* Charts */; };
		724223ED261FE15600A1F02E /* ChartTableViewCell.swift in Sources */ = {isa = PBXBuildFile; fileRef = 724223EC261FE15600A1F02E /* ChartTableViewCell.swift */; };
		725B2D70262E90270045467F /* SpendingCategoriesTableViewCell.swift in Sources */ = {isa = PBXBuildFile; fileRef = 725B2D6F262E90270045467F /* SpendingCategoriesTableViewCell.swift */; };
		7275EEAF262D397300A148DF /* SpendingCategory.swift in Sources */ = {isa = PBXBuildFile; fileRef = 7275EEAE262D397300A148DF /* SpendingCategory.swift */; };
		7275EEB4262E334A00A148DF /* SpendingCategoryEditViewController.swift in Sources */ = {isa = PBXBuildFile; fileRef = 7275EEB3262E334A00A148DF /* SpendingCategoryEditViewController.swift */; };
		72906B70262C6A7D0090FC58 /* SpendingCategoryAddViewController.swift in Sources */ = {isa = PBXBuildFile; fileRef = 72906B6F262C6A7D0090FC58 /* SpendingCategoryAddViewController.swift */; };
		72906B74262C6B710090FC58 /* ColoursCollectionViewCell.swift in Sources */ = {isa = PBXBuildFile; fileRef = 72906B73262C6B710090FC58 /* ColoursCollectionViewCell.swift */; };
		72B70D6C262D337C000DC297 /* SpendingCategoriesViewController.swift in Sources */ = {isa = PBXBuildFile; fileRef = 72B70D6B262D337C000DC297 /* SpendingCategoriesViewController.swift */; };
		72DBC1E8261505C400F006AE /* CalendarCollectionViewCell.swift in Sources */ = {isa = PBXBuildFile; fileRef = 72DBC1E7261505C400F006AE /* CalendarCollectionViewCell.swift */; };
		72DBC1EB26158A8F00F006AE /* CreateReminderViewController.swift in Sources */ = {isa = PBXBuildFile; fileRef = 72DBC1EA26158A8F00F006AE /* CreateReminderViewController.swift */; };
/* End PBXBuildFile section */

/* Begin PBXFileReference section */
		54016103260BCAA600405351 /* SignUpViewController.swift */ = {isa = PBXFileReference; lastKnownFileType = sourcecode.swift; path = SignUpViewController.swift; sourceTree = "<group>"; };
		540D448926124F9100217594 /* User.swift */ = {isa = PBXFileReference; lastKnownFileType = sourcecode.swift; path = User.swift; sourceTree = "<group>"; };
		540D448C2612597F00217594 /* AddTransactionViewController.swift */ = {isa = PBXFileReference; lastKnownFileType = sourcecode.swift; path = AddTransactionViewController.swift; sourceTree = "<group>"; };
		540D448F26125AB800217594 /* Transaction.swift */ = {isa = PBXFileReference; lastKnownFileType = sourcecode.swift; path = Transaction.swift; sourceTree = "<group>"; };
		5410F4422608C8EB00C00F57 /* Moneyist.app */ = {isa = PBXFileReference; explicitFileType = wrapper.application; includeInIndex = 0; path = Moneyist.app; sourceTree = BUILT_PRODUCTS_DIR; };
		5410F4452608C8EB00C00F57 /* AppDelegate.swift */ = {isa = PBXFileReference; lastKnownFileType = sourcecode.swift; path = AppDelegate.swift; sourceTree = "<group>"; };
		5410F4472608C8EB00C00F57 /* SceneDelegate.swift */ = {isa = PBXFileReference; lastKnownFileType = sourcecode.swift; path = SceneDelegate.swift; sourceTree = "<group>"; };
		5410F4492608C8EB00C00F57 /* ViewController.swift */ = {isa = PBXFileReference; lastKnownFileType = sourcecode.swift; path = ViewController.swift; sourceTree = "<group>"; };
		5410F44C2608C8EB00C00F57 /* Base */ = {isa = PBXFileReference; lastKnownFileType = file.storyboard; name = Base; path = Base.lproj/Main.storyboard; sourceTree = "<group>"; };
		5410F44F2608C8EB00C00F57 /* Moneyist.xcdatamodel */ = {isa = PBXFileReference; lastKnownFileType = wrapper.xcdatamodel; path = Moneyist.xcdatamodel; sourceTree = "<group>"; };
		5410F4512608C8EC00C00F57 /* Assets.xcassets */ = {isa = PBXFileReference; lastKnownFileType = folder.assetcatalog; path = Assets.xcassets; sourceTree = "<group>"; };
		5410F4542608C8EC00C00F57 /* Base */ = {isa = PBXFileReference; lastKnownFileType = file.storyboard; name = Base; path = Base.lproj/LaunchScreen.storyboard; sourceTree = "<group>"; };
		5410F4562608C8EC00C00F57 /* Info.plist */ = {isa = PBXFileReference; lastKnownFileType = text.plist.xml; path = Info.plist; sourceTree = "<group>"; };
		5415AA99261DE0B80014222C /* FeedbackViewController.swift */ = {isa = PBXFileReference; lastKnownFileType = sourcecode.swift; path = FeedbackViewController.swift; sourceTree = "<group>"; };
		541CC4412614BB8C00C37FE7 /* BudgetDetailViewController.swift */ = {isa = PBXFileReference; lastKnownFileType = sourcecode.swift; path = BudgetDetailViewController.swift; sourceTree = "<group>"; };
		541CC4462614E55300C37FE7 /* BudgetEditViewController.swift */ = {isa = PBXFileReference; lastKnownFileType = sourcecode.swift; path = BudgetEditViewController.swift; sourceTree = "<group>"; };
		541D3E9426177FA800F59EEB /* EditUserViewController.swift */ = {isa = PBXFileReference; lastKnownFileType = sourcecode.swift; path = EditUserViewController.swift; sourceTree = "<group>"; };
		543E59F8261CA7290098EB48 /* SavingSpaceEditViewController.swift */ = {isa = PBXFileReference; lastKnownFileType = sourcecode.swift; path = SavingSpaceEditViewController.swift; sourceTree = "<group>"; };
		544B4376260F8C70006F37E1 /* BudgetCreationViewController.swift */ = {isa = PBXFileReference; lastKnownFileType = sourcecode.swift; path = BudgetCreationViewController.swift; sourceTree = "<group>"; };
		548A1854263328D2007AB9A9 /* WelcomeSplashViewController.swift */ = {isa = PBXFileReference; lastKnownFileType = sourcecode.swift; path = WelcomeSplashViewController.swift; sourceTree = "<group>"; };
		54A1E02E2624EBB000732404 /* ResetPasswordViewController.swift */ = {isa = PBXFileReference; lastKnownFileType = sourcecode.swift; path = ResetPasswordViewController.swift; sourceTree = "<group>"; };
		54B9819B260CC95B006FD29B /* TransactionsViewController.swift */ = {isa = PBXFileReference; lastKnownFileType = sourcecode.swift; path = TransactionsViewController.swift; sourceTree = "<group>"; };
		54B9819E260CC992006FD29B /* ChartViewController.swift */ = {isa = PBXFileReference; lastKnownFileType = sourcecode.swift; path = ChartViewController.swift; sourceTree = "<group>"; };
		54B981A1260CC9C6006FD29B /* SavingSpaceViewController.swift */ = {isa = PBXFileReference; lastKnownFileType = sourcecode.swift; path = SavingSpaceViewController.swift; sourceTree = "<group>"; };
		54B981A4260CC9E2006FD29B /* CalendarViewController.swift */ = {isa = PBXFileReference; lastKnownFileType = sourcecode.swift; path = CalendarViewController.swift; sourceTree = "<group>"; };
		54B981A7260CCA01006FD29B /* BudgetViewController.swift */ = {isa = PBXFileReference; lastKnownFileType = sourcecode.swift; path = BudgetViewController.swift; sourceTree = "<group>"; };
		54B99C0226175A350006EB5B /* SettingsViewController.swift */ = {isa = PBXFileReference; lastKnownFileType = sourcecode.swift; path = SettingsViewController.swift; sourceTree = "<group>"; };
		54C15F56260E7E67008C5CE9 /* Budget.swift */ = {isa = PBXFileReference; lastKnownFileType = sourcecode.swift; path = Budget.swift; sourceTree = "<group>"; };
		54E4E448261B4ACD001B2AAB /* TransactionEditViewController.swift */ = {isa = PBXFileReference; lastKnownFileType = sourcecode.swift; path = TransactionEditViewController.swift; sourceTree = "<group>"; };
		54E4E44C261B5BD8001B2AAB /* SavingSpace.swift */ = {isa = PBXFileReference; lastKnownFileType = sourcecode.swift; path = SavingSpace.swift; sourceTree = "<group>"; };
		54E4E45F261B5FE1001B2AAB /* SavingSpaceCreateViewController.swift */ = {isa = PBXFileReference; lastKnownFileType = sourcecode.swift; path = SavingSpaceCreateViewController.swift; sourceTree = "<group>"; };
		54F6345426137A51008E612A /* DashboardViewController.swift */ = {isa = PBXFileReference; lastKnownFileType = sourcecode.swift; path = DashboardViewController.swift; sourceTree = "<group>"; };
		54F6345726137B7F008E612A /* UserJSON.swift */ = {isa = PBXFileReference; lastKnownFileType = sourcecode.swift; path = UserJSON.swift; sourceTree = "<group>"; };
		72422371261A01AC00A1F02E /* Reminder.swift */ = {isa = PBXFileReference; lastKnownFileType = sourcecode.swift; path = Reminder.swift; sourceTree = "<group>"; };
		72422390261D020A00A1F02E /* RemindersViewController.swift */ = {isa = PBXFileReference; lastKnownFileType = sourcecode.swift; path = RemindersViewController.swift; sourceTree = "<group>"; };
		72422397261DCAD300A1F02E /* ReminderEditViewController.swift */ = {isa = PBXFileReference; lastKnownFileType = sourcecode.swift; path = ReminderEditViewController.swift; sourceTree = "<group>"; };
		724223EC261FE15600A1F02E /* ChartTableViewCell.swift */ = {isa = PBXFileReference; lastKnownFileType = sourcecode.swift; path = ChartTableViewCell.swift; sourceTree = "<group>"; };
		725B2D6F262E90270045467F /* SpendingCategoriesTableViewCell.swift */ = {isa = PBXFileReference; lastKnownFileType = sourcecode.swift; path = SpendingCategoriesTableViewCell.swift; sourceTree = "<group>"; };
		7275EEAE262D397300A148DF /* SpendingCategory.swift */ = {isa = PBXFileReference; lastKnownFileType = sourcecode.swift; path = SpendingCategory.swift; sourceTree = "<group>"; };
		7275EEB3262E334A00A148DF /* SpendingCategoryEditViewController.swift */ = {isa = PBXFileReference; lastKnownFileType = sourcecode.swift; path = SpendingCategoryEditViewController.swift; sourceTree = "<group>"; };
		72906B6F262C6A7D0090FC58 /* SpendingCategoryAddViewController.swift */ = {isa = PBXFileReference; lastKnownFileType = sourcecode.swift; path = SpendingCategoryAddViewController.swift; sourceTree = "<group>"; };
		72906B73262C6B710090FC58 /* ColoursCollectionViewCell.swift */ = {isa = PBXFileReference; lastKnownFileType = sourcecode.swift; path = ColoursCollectionViewCell.swift; sourceTree = "<group>"; };
		72B70D6B262D337C000DC297 /* SpendingCategoriesViewController.swift */ = {isa = PBXFileReference; lastKnownFileType = sourcecode.swift; path = SpendingCategoriesViewController.swift; sourceTree = "<group>"; };
		72DBC1E7261505C400F006AE /* CalendarCollectionViewCell.swift */ = {isa = PBXFileReference; lastKnownFileType = sourcecode.swift; path = CalendarCollectionViewCell.swift; sourceTree = "<group>"; };
		72DBC1EA26158A8F00F006AE /* CreateReminderViewController.swift */ = {isa = PBXFileReference; lastKnownFileType = sourcecode.swift; path = CreateReminderViewController.swift; sourceTree = "<group>"; };
/* End PBXFileReference section */

/* Begin PBXFrameworksBuildPhase section */
		5410F43F2608C8EB00C00F57 /* Frameworks */ = {
			isa = PBXFrameworksBuildPhase;
			buildActionMask = 2147483647;
			files = (
				54F59916261DF92000994E1C /* Cosmos in Frameworks */,
				724223E6261FCA1800A1F02E /* Charts in Frameworks */,
				54DFC670260E2FFE00AFEFF1 /* Alamofire in Frameworks */,
			);
			runOnlyForDeploymentPostprocessing = 0;
		};
/* End PBXFrameworksBuildPhase section */

/* Begin PBXGroup section */
		5410F4392608C8EB00C00F57 = {
			isa = PBXGroup;
			children = (
				5410F4442608C8EB00C00F57 /* Moneyist */,
				5410F4432608C8EB00C00F57 /* Products */,
			);
			sourceTree = "<group>";
		};
		5410F4432608C8EB00C00F57 /* Products */ = {
			isa = PBXGroup;
			children = (
				5410F4422608C8EB00C00F57 /* Moneyist.app */,
			);
			name = Products;
			sourceTree = "<group>";
		};
		5410F4442608C8EB00C00F57 /* Moneyist */ = {
			isa = PBXGroup;
			children = (
				5410F4452608C8EB00C00F57 /* AppDelegate.swift */,
				5410F4512608C8EC00C00F57 /* Assets.xcassets */,
				54E4E450261B5CDA001B2AAB /* Budgets */,
				72906B78262C79950090FC58 /* CalendarAndReminders */,
				72906B79262C79C60090FC58 /* Chart */,
				72906B76262C794C0090FC58 /* SpendingCategories */,
				54F6345426137A51008E612A /* DashboardViewController.swift */,
				5410F4562608C8EC00C00F57 /* Info.plist */,
				5410F4532608C8EC00C00F57 /* LaunchScreen.storyboard */,
				5410F44B2608C8EB00C00F57 /* Main.storyboard */,
				5410F44E2608C8EB00C00F57 /* Moneyist.xcdatamodeld */,
				5410F4472608C8EB00C00F57 /* SceneDelegate.swift */,
				54E4E456261B5D2F001B2AAB /* Settings */,
				54E4E45C261B5DBF001B2AAB /* MainScreen */,
				54E4E452261B5D0A001B2AAB /* StructureFiles */,
				54E4E454261B5D1B001B2AAB /* Transactions */,
				54E4E45B261B5D8D001B2AAB /* SavingSpaces */,
			);
			path = Moneyist;
			sourceTree = "<group>";
		};
		54E4E450261B5CDA001B2AAB /* Budgets */ = {
			isa = PBXGroup;
			children = (
				54B981A7260CCA01006FD29B /* BudgetViewController.swift */,
				544B4376260F8C70006F37E1 /* BudgetCreationViewController.swift */,
				541CC4412614BB8C00C37FE7 /* BudgetDetailViewController.swift */,
				541CC4462614E55300C37FE7 /* BudgetEditViewController.swift */,
			);
			path = Budgets;
			sourceTree = "<group>";
		};
		54E4E452261B5D0A001B2AAB /* StructureFiles */ = {
			isa = PBXGroup;
			children = (
				540D448926124F9100217594 /* User.swift */,
				54F6345726137B7F008E612A /* UserJSON.swift */,
				54C15F56260E7E67008C5CE9 /* Budget.swift */,
				540D448F26125AB800217594 /* Transaction.swift */,
				54E4E44C261B5BD8001B2AAB /* SavingSpace.swift */,
				72422371261A01AC00A1F02E /* Reminder.swift */,
				7275EEAE262D397300A148DF /* SpendingCategory.swift */,
			);
			path = StructureFiles;
			sourceTree = "<group>";
		};
		54E4E454261B5D1B001B2AAB /* Transactions */ = {
			isa = PBXGroup;
			children = (
				54B9819B260CC95B006FD29B /* TransactionsViewController.swift */,
				54E4E448261B4ACD001B2AAB /* TransactionEditViewController.swift */,
				540D448C2612597F00217594 /* AddTransactionViewController.swift */,
			);
			path = Transactions;
			sourceTree = "<group>";
		};
		54E4E456261B5D2F001B2AAB /* Settings */ = {
			isa = PBXGroup;
			children = (
				54B99C0226175A350006EB5B /* SettingsViewController.swift */,
				541D3E9426177FA800F59EEB /* EditUserViewController.swift */,
				5415AA99261DE0B80014222C /* FeedbackViewController.swift */,
			);
			path = Settings;
			sourceTree = "<group>";
		};
		54E4E45B261B5D8D001B2AAB /* SavingSpaces */ = {
			isa = PBXGroup;
			children = (
				54B981A1260CC9C6006FD29B /* SavingSpaceViewController.swift */,
				54E4E45F261B5FE1001B2AAB /* SavingSpaceCreateViewController.swift */,
				543E59F8261CA7290098EB48 /* SavingSpaceEditViewController.swift */,
			);
			path = SavingSpaces;
			sourceTree = "<group>";
		};
		54E4E45C261B5DBF001B2AAB /* MainScreen */ = {
			isa = PBXGroup;
			children = (
				54016103260BCAA600405351 /* SignUpViewController.swift */,
				5410F4492608C8EB00C00F57 /* ViewController.swift */,
				54A1E02E2624EBB000732404 /* ResetPasswordViewController.swift */,
				548A1854263328D2007AB9A9 /* WelcomeSplashViewController.swift */,
			);
			path = MainScreen;
			sourceTree = "<group>";
		};
		72906B76262C794C0090FC58 /* SpendingCategories */ = {
			isa = PBXGroup;
			children = (
				72906B6F262C6A7D0090FC58 /* SpendingCategoryAddViewController.swift */,
				72906B73262C6B710090FC58 /* ColoursCollectionViewCell.swift */,
				72B70D6B262D337C000DC297 /* SpendingCategoriesViewController.swift */,
				7275EEB3262E334A00A148DF /* SpendingCategoryEditViewController.swift */,
				725B2D6F262E90270045467F /* SpendingCategoriesTableViewCell.swift */,
			);
			path = SpendingCategories;
			sourceTree = "<group>";
		};
		72906B78262C79950090FC58 /* CalendarAndReminders */ = {
			isa = PBXGroup;
			children = (
				72DBC1E7261505C400F006AE /* CalendarCollectionViewCell.swift */,
				54B981A4260CC9E2006FD29B /* CalendarViewController.swift */,
				72422390261D020A00A1F02E /* RemindersViewController.swift */,
				72DBC1EA26158A8F00F006AE /* CreateReminderViewController.swift */,
				72422397261DCAD300A1F02E /* ReminderEditViewController.swift */,
			);
			path = CalendarAndReminders;
			sourceTree = "<group>";
		};
		72906B79262C79C60090FC58 /* Chart */ = {
			isa = PBXGroup;
			children = (
				54B9819E260CC992006FD29B /* ChartViewController.swift */,
				724223EC261FE15600A1F02E /* ChartTableViewCell.swift */,
			);
			path = Chart;
			sourceTree = "<group>";
		};
/* End PBXGroup section */

/* Begin PBXNativeTarget section */
		5410F4412608C8EB00C00F57 /* Moneyist */ = {
			isa = PBXNativeTarget;
			buildConfigurationList = 5410F4592608C8EC00C00F57 /* Build configuration list for PBXNativeTarget "Moneyist" */;
			buildPhases = (
				5410F43E2608C8EB00C00F57 /* Sources */,
				5410F43F2608C8EB00C00F57 /* Frameworks */,
				5410F4402608C8EB00C00F57 /* Resources */,
			);
			buildRules = (
			);
			dependencies = (
			);
			name = Moneyist;
			packageProductDependencies = (
				54DFC66F260E2FFE00AFEFF1 /* Alamofire */,
				54F59915261DF92000994E1C /* Cosmos */,
				724223E5261FCA1800A1F02E /* Charts */,
			);
			productName = Moneyist;
			productReference = 5410F4422608C8EB00C00F57 /* Moneyist.app */;
			productType = "com.apple.product-type.application";
		};
/* End PBXNativeTarget section */

/* Begin PBXProject section */
		5410F43A2608C8EB00C00F57 /* Project object */ = {
			isa = PBXProject;
			attributes = {
				LastSwiftUpdateCheck = 1210;
				LastUpgradeCheck = 1210;
				TargetAttributes = {
					5410F4412608C8EB00C00F57 = {
						CreatedOnToolsVersion = 12.1;
					};
				};
			};
			buildConfigurationList = 5410F43D2608C8EB00C00F57 /* Build configuration list for PBXProject "Moneyist" */;
			compatibilityVersion = "Xcode 9.3";
			developmentRegion = en;
			hasScannedForEncodings = 0;
			knownRegions = (
				en,
				Base,
			);
			mainGroup = 5410F4392608C8EB00C00F57;
			packageReferences = (
				54DFC66E260E2FFE00AFEFF1 /* XCRemoteSwiftPackageReference "Alamofire" */,
				54F59914261DF92000994E1C /* XCRemoteSwiftPackageReference "Cosmos" */,
				724223E4261FCA1300A1F02E /* XCRemoteSwiftPackageReference "Charts" */,
			);
			productRefGroup = 5410F4432608C8EB00C00F57 /* Products */;
			projectDirPath = "";
			projectRoot = "";
			targets = (
				5410F4412608C8EB00C00F57 /* Moneyist */,
			);
		};
/* End PBXProject section */

/* Begin PBXResourcesBuildPhase section */
		5410F4402608C8EB00C00F57 /* Resources */ = {
			isa = PBXResourcesBuildPhase;
			buildActionMask = 2147483647;
			files = (
				5410F4552608C8EC00C00F57 /* LaunchScreen.storyboard in Resources */,
				5410F4522608C8EC00C00F57 /* Assets.xcassets in Resources */,
				5410F44D2608C8EB00C00F57 /* Main.storyboard in Resources */,
			);
			runOnlyForDeploymentPostprocessing = 0;
		};
/* End PBXResourcesBuildPhase section */

/* Begin PBXSourcesBuildPhase section */
		5410F43E2608C8EB00C00F57 /* Sources */ = {
			isa = PBXSourcesBuildPhase;
			buildActionMask = 2147483647;
			files = (
				540D448A26124F9100217594 /* User.swift in Sources */,
				54E4E449261B4ACD001B2AAB /* TransactionEditViewController.swift in Sources */,
				5410F44A2608C8EB00C00F57 /* ViewController.swift in Sources */,
				54A1E02F2624EBB000732404 /* ResetPasswordViewController.swift in Sources */,
				543E59F9261CA7290098EB48 /* SavingSpaceEditViewController.swift in Sources */,
				541CC4422614BB8C00C37FE7 /* BudgetDetailViewController.swift in Sources */,
				72B70D6C262D337C000DC297 /* SpendingCategoriesViewController.swift in Sources */,
				54F6345826137B7F008E612A /* UserJSON.swift in Sources */,
				72DBC1E8261505C400F006AE /* CalendarCollectionViewCell.swift in Sources */,
				54B9819F260CC992006FD29B /* ChartViewController.swift in Sources */,
				724223ED261FE15600A1F02E /* ChartTableViewCell.swift in Sources */,
				5410F4502608C8EB00C00F57 /* Moneyist.xcdatamodeld in Sources */,
				72422391261D020A00A1F02E /* RemindersViewController.swift in Sources */,
				54B9819C260CC95B006FD29B /* TransactionsViewController.swift in Sources */,
				54E4E460261B5FE1001B2AAB /* SavingSpaceCreateViewController.swift in Sources */,
				72906B70262C6A7D0090FC58 /* SpendingCategoryAddViewController.swift in Sources */,
				72DBC1EB26158A8F00F006AE /* CreateReminderViewController.swift in Sources */,
				540D448D2612597F00217594 /* AddTransactionViewController.swift in Sources */,
				5415AA9A261DE0B80014222C /* FeedbackViewController.swift in Sources */,
				544B4377260F8C70006F37E1 /* BudgetCreationViewController.swift in Sources */,
				5410F4462608C8EB00C00F57 /* AppDelegate.swift in Sources */,
				541CC4472614E55300C37FE7 /* BudgetEditViewController.swift in Sources */,
				548A1855263328D2007AB9A9 /* WelcomeSplashViewController.swift in Sources */,
				72906B74262C6B710090FC58 /* ColoursCollectionViewCell.swift in Sources */,
				54B99C0326175A350006EB5B /* SettingsViewController.swift in Sources */,
				54C15F57260E7E67008C5CE9 /* Budget.swift in Sources */,
				54E4E44D261B5BD8001B2AAB /* SavingSpace.swift in Sources */,
				72422372261A01AE00A1F02E /* Reminder.swift in Sources */,
				54B981A2260CC9C6006FD29B /* SavingSpaceViewController.swift in Sources */,
				7275EEB4262E334A00A148DF /* SpendingCategoryEditViewController.swift in Sources */,
				72422398261DCAD300A1F02E /* ReminderEditViewController.swift in Sources */,
				54B981A5260CC9E2006FD29B /* CalendarViewController.swift in Sources */,
				54B981A8260CCA01006FD29B /* BudgetViewController.swift in Sources */,
				541D3E9526177FA800F59EEB /* EditUserViewController.swift in Sources */,
				5410F4482608C8EB00C00F57 /* SceneDelegate.swift in Sources */,
				7275EEAF262D397300A148DF /* SpendingCategory.swift in Sources */,
				54016104260BCAA600405351 /* SignUpViewController.swift in Sources */,
				725B2D70262E90270045467F /* SpendingCategoriesTableViewCell.swift in Sources */,
				540D449026125AB800217594 /* Transaction.swift in Sources */,
				54F6345526137A51008E612A /* DashboardViewController.swift in Sources */,
			);
			runOnlyForDeploymentPostprocessing = 0;
		};
/* End PBXSourcesBuildPhase section */

/* Begin PBXVariantGroup section */
		5410F44B2608C8EB00C00F57 /* Main.storyboard */ = {
			isa = PBXVariantGroup;
			children = (
				5410F44C2608C8EB00C00F57 /* Base */,
			);
			name = Main.storyboard;
			sourceTree = "<group>";
		};
		5410F4532608C8EC00C00F57 /* LaunchScreen.storyboard */ = {
			isa = PBXVariantGroup;
			children = (
				5410F4542608C8EC00C00F57 /* Base */,
			);
			name = LaunchScreen.storyboard;
			sourceTree = "<group>";
		};
/* End PBXVariantGroup section */

/* Begin XCBuildConfiguration section */
		5410F4572608C8EC00C00F57 /* Debug */ = {
			isa = XCBuildConfiguration;
			buildSettings = {
				ALWAYS_SEARCH_USER_PATHS = NO;
				CLANG_ANALYZER_NONNULL = YES;
				CLANG_ANALYZER_NUMBER_OBJECT_CONVERSION = YES_AGGRESSIVE;
				CLANG_CXX_LANGUAGE_STANDARD = "gnu++14";
				CLANG_CXX_LIBRARY = "libc++";
				CLANG_ENABLE_MODULES = YES;
				CLANG_ENABLE_OBJC_ARC = YES;
				CLANG_ENABLE_OBJC_WEAK = YES;
				CLANG_WARN_BLOCK_CAPTURE_AUTORELEASING = YES;
				CLANG_WARN_BOOL_CONVERSION = YES;
				CLANG_WARN_COMMA = YES;
				CLANG_WARN_CONSTANT_CONVERSION = YES;
				CLANG_WARN_DEPRECATED_OBJC_IMPLEMENTATIONS = YES;
				CLANG_WARN_DIRECT_OBJC_ISA_USAGE = YES_ERROR;
				CLANG_WARN_DOCUMENTATION_COMMENTS = YES;
				CLANG_WARN_EMPTY_BODY = YES;
				CLANG_WARN_ENUM_CONVERSION = YES;
				CLANG_WARN_INFINITE_RECURSION = YES;
				CLANG_WARN_INT_CONVERSION = YES;
				CLANG_WARN_NON_LITERAL_NULL_CONVERSION = YES;
				CLANG_WARN_OBJC_IMPLICIT_RETAIN_SELF = YES;
				CLANG_WARN_OBJC_LITERAL_CONVERSION = YES;
				CLANG_WARN_OBJC_ROOT_CLASS = YES_ERROR;
				CLANG_WARN_QUOTED_INCLUDE_IN_FRAMEWORK_HEADER = YES;
				CLANG_WARN_RANGE_LOOP_ANALYSIS = YES;
				CLANG_WARN_STRICT_PROTOTYPES = YES;
				CLANG_WARN_SUSPICIOUS_MOVE = YES;
				CLANG_WARN_UNGUARDED_AVAILABILITY = YES_AGGRESSIVE;
				CLANG_WARN_UNREACHABLE_CODE = YES;
				CLANG_WARN__DUPLICATE_METHOD_MATCH = YES;
				COPY_PHASE_STRIP = NO;
				DEBUG_INFORMATION_FORMAT = dwarf;
				ENABLE_STRICT_OBJC_MSGSEND = YES;
				ENABLE_TESTABILITY = YES;
				GCC_C_LANGUAGE_STANDARD = gnu11;
				GCC_DYNAMIC_NO_PIC = NO;
				GCC_NO_COMMON_BLOCKS = YES;
				GCC_OPTIMIZATION_LEVEL = 0;
				GCC_PREPROCESSOR_DEFINITIONS = (
					"DEBUG=1",
					"$(inherited)",
				);
				GCC_WARN_64_TO_32_BIT_CONVERSION = YES;
				GCC_WARN_ABOUT_RETURN_TYPE = YES_ERROR;
				GCC_WARN_UNDECLARED_SELECTOR = YES;
				GCC_WARN_UNINITIALIZED_AUTOS = YES_AGGRESSIVE;
				GCC_WARN_UNUSED_FUNCTION = YES;
				GCC_WARN_UNUSED_VARIABLE = YES;
				IPHONEOS_DEPLOYMENT_TARGET = 14.1;
				MTL_ENABLE_DEBUG_INFO = INCLUDE_SOURCE;
				MTL_FAST_MATH = YES;
				ONLY_ACTIVE_ARCH = YES;
				SDKROOT = iphoneos;
				SWIFT_ACTIVE_COMPILATION_CONDITIONS = DEBUG;
				SWIFT_OPTIMIZATION_LEVEL = "-Onone";
			};
			name = Debug;
		};
		5410F4582608C8EC00C00F57 /* Release */ = {
			isa = XCBuildConfiguration;
			buildSettings = {
				ALWAYS_SEARCH_USER_PATHS = NO;
				CLANG_ANALYZER_NONNULL = YES;
				CLANG_ANALYZER_NUMBER_OBJECT_CONVERSION = YES_AGGRESSIVE;
				CLANG_CXX_LANGUAGE_STANDARD = "gnu++14";
				CLANG_CXX_LIBRARY = "libc++";
				CLANG_ENABLE_MODULES = YES;
				CLANG_ENABLE_OBJC_ARC = YES;
				CLANG_ENABLE_OBJC_WEAK = YES;
				CLANG_WARN_BLOCK_CAPTURE_AUTORELEASING = YES;
				CLANG_WARN_BOOL_CONVERSION = YES;
				CLANG_WARN_COMMA = YES;
				CLANG_WARN_CONSTANT_CONVERSION = YES;
				CLANG_WARN_DEPRECATED_OBJC_IMPLEMENTATIONS = YES;
				CLANG_WARN_DIRECT_OBJC_ISA_USAGE = YES_ERROR;
				CLANG_WARN_DOCUMENTATION_COMMENTS = YES;
				CLANG_WARN_EMPTY_BODY = YES;
				CLANG_WARN_ENUM_CONVERSION = YES;
				CLANG_WARN_INFINITE_RECURSION = YES;
				CLANG_WARN_INT_CONVERSION = YES;
				CLANG_WARN_NON_LITERAL_NULL_CONVERSION = YES;
				CLANG_WARN_OBJC_IMPLICIT_RETAIN_SELF = YES;
				CLANG_WARN_OBJC_LITERAL_CONVERSION = YES;
				CLANG_WARN_OBJC_ROOT_CLASS = YES_ERROR;
				CLANG_WARN_QUOTED_INCLUDE_IN_FRAMEWORK_HEADER = YES;
				CLANG_WARN_RANGE_LOOP_ANALYSIS = YES;
				CLANG_WARN_STRICT_PROTOTYPES = YES;
				CLANG_WARN_SUSPICIOUS_MOVE = YES;
				CLANG_WARN_UNGUARDED_AVAILABILITY = YES_AGGRESSIVE;
				CLANG_WARN_UNREACHABLE_CODE = YES;
				CLANG_WARN__DUPLICATE_METHOD_MATCH = YES;
				COPY_PHASE_STRIP = NO;
				DEBUG_INFORMATION_FORMAT = "dwarf-with-dsym";
				ENABLE_NS_ASSERTIONS = NO;
				ENABLE_STRICT_OBJC_MSGSEND = YES;
				GCC_C_LANGUAGE_STANDARD = gnu11;
				GCC_NO_COMMON_BLOCKS = YES;
				GCC_WARN_64_TO_32_BIT_CONVERSION = YES;
				GCC_WARN_ABOUT_RETURN_TYPE = YES_ERROR;
				GCC_WARN_UNDECLARED_SELECTOR = YES;
				GCC_WARN_UNINITIALIZED_AUTOS = YES_AGGRESSIVE;
				GCC_WARN_UNUSED_FUNCTION = YES;
				GCC_WARN_UNUSED_VARIABLE = YES;
				IPHONEOS_DEPLOYMENT_TARGET = 14.1;
				MTL_ENABLE_DEBUG_INFO = NO;
				MTL_FAST_MATH = YES;
				SDKROOT = iphoneos;
				SWIFT_COMPILATION_MODE = wholemodule;
				SWIFT_OPTIMIZATION_LEVEL = "-O";
				VALIDATE_PRODUCT = YES;
			};
			name = Release;
		};
		5410F45A2608C8EC00C00F57 /* Debug */ = {
			isa = XCBuildConfiguration;
			buildSettings = {
				ASSETCATALOG_COMPILER_APPICON_NAME = AppIcon;
				ASSETCATALOG_COMPILER_GLOBAL_ACCENT_COLOR_NAME = AccentColor;
				CODE_SIGN_STYLE = Automatic;
				INFOPLIST_FILE = Moneyist/Info.plist;
				IPHONEOS_DEPLOYMENT_TARGET = 14.0;
				LD_RUNPATH_SEARCH_PATHS = (
					"$(inherited)",
					"@executable_path/Frameworks",
				);
				MARKETING_VERSION = 0.1;
				PRODUCT_BUNDLE_IDENTIFIER = com.teamnine.Moneyist;
				PRODUCT_NAME = "$(TARGET_NAME)";
				SWIFT_VERSION = 5.0;
				TARGETED_DEVICE_FAMILY = "1,2";
			};
			name = Debug;
		};
		5410F45B2608C8EC00C00F57 /* Release */ = {
			isa = XCBuildConfiguration;
			buildSettings = {
				ASSETCATALOG_COMPILER_APPICON_NAME = AppIcon;
				ASSETCATALOG_COMPILER_GLOBAL_ACCENT_COLOR_NAME = AccentColor;
				CODE_SIGN_STYLE = Automatic;
				INFOPLIST_FILE = Moneyist/Info.plist;
				IPHONEOS_DEPLOYMENT_TARGET = 14.0;
				LD_RUNPATH_SEARCH_PATHS = (
					"$(inherited)",
					"@executable_path/Frameworks",
				);
				MARKETING_VERSION = 0.1;
				PRODUCT_BUNDLE_IDENTIFIER = com.teamnine.Moneyist;
				PRODUCT_NAME = "$(TARGET_NAME)";
				SWIFT_VERSION = 5.0;
				TARGETED_DEVICE_FAMILY = "1,2";
			};
			name = Release;
		};
/* End XCBuildConfiguration section */

/* Begin XCConfigurationList section */
		5410F43D2608C8EB00C00F57 /* Build configuration list for PBXProject "Moneyist" */ = {
			isa = XCConfigurationList;
			buildConfigurations = (
				5410F4572608C8EC00C00F57 /* Debug */,
				5410F4582608C8EC00C00F57 /* Release */,
			);
			defaultConfigurationIsVisible = 0;
			defaultConfigurationName = Release;
		};
		5410F4592608C8EC00C00F57 /* Build configuration list for PBXNativeTarget "Moneyist" */ = {
			isa = XCConfigurationList;
			buildConfigurations = (
				5410F45A2608C8EC00C00F57 /* Debug */,
				5410F45B2608C8EC00C00F57 /* Release */,
			);
			defaultConfigurationIsVisible = 0;
			defaultConfigurationName = Release;
		};
/* End XCConfigurationList section */

/* Begin XCRemoteSwiftPackageReference section */
		54DFC66E260E2FFE00AFEFF1 /* XCRemoteSwiftPackageReference "Alamofire" */ = {
			isa = XCRemoteSwiftPackageReference;
			repositoryURL = "https://github.com/Alamofire/Alamofire.git";
			requirement = {
				kind = upToNextMajorVersion;
				minimumVersion = 5.4.1;
			};
		};
		54F59914261DF92000994E1C /* XCRemoteSwiftPackageReference "Cosmos" */ = {
			isa = XCRemoteSwiftPackageReference;
			repositoryURL = "https://github.com/evgenyneu/Cosmos.git";
			requirement = {
				kind = upToNextMajorVersion;
				minimumVersion = 23.0.0;
			};
		};
		724223E4261FCA1300A1F02E /* XCRemoteSwiftPackageReference "Charts" */ = {
			isa = XCRemoteSwiftPackageReference;
			repositoryURL = "https://github.com/danielgindi/Charts";
			requirement = {
				kind = upToNextMajorVersion;
				minimumVersion = 4.0.1;
			};
		};
/* End XCRemoteSwiftPackageReference section */

/* Begin XCSwiftPackageProductDependency section */
		54DFC66F260E2FFE00AFEFF1 /* Alamofire */ = {
			isa = XCSwiftPackageProductDependency;
			package = 54DFC66E260E2FFE00AFEFF1 /* XCRemoteSwiftPackageReference "Alamofire" */;
			productName = Alamofire;
		};
		54F59915261DF92000994E1C /* Cosmos */ = {
			isa = XCSwiftPackageProductDependency;
			package = 54F59914261DF92000994E1C /* XCRemoteSwiftPackageReference "Cosmos" */;
			productName = Cosmos;
		};
		724223E5261FCA1800A1F02E /* Charts */ = {
			isa = XCSwiftPackageProductDependency;
			package = 724223E4261FCA1300A1F02E /* XCRemoteSwiftPackageReference "Charts" */;
			productName = Charts;
		};
/* End XCSwiftPackageProductDependency section */

/* Begin XCVersionGroup section */
		5410F44E2608C8EB00C00F57 /* Moneyist.xcdatamodeld */ = {
			isa = XCVersionGroup;
			children = (
				5410F44F2608C8EB00C00F57 /* Moneyist.xcdatamodel */,
			);
			currentVersion = 5410F44F2608C8EB00C00F57 /* Moneyist.xcdatamodel */;
			path = Moneyist.xcdatamodeld;
			sourceTree = "<group>";
			versionGroupType = wrapper.xcdatamodel;
		};
/* End XCVersionGroup section */
	};
	rootObject = 5410F43A2608C8EB00C00F57 /* Project object */;
}
